
Microsoft Visual Studio Solution File, Format Version 12.00
# Visual Studio 15
VisualStudioVersion = 15.0.28307.421
MinimumVisualStudioVersion = 10.0.40219.1
Project("{FAE04EC0-301F-11D3-BF4B-00C04F79EFBC}") = "WebApp", "WebApp\WebApp.csproj", "{59B58045-0B03-4A27-8BF4-6B3F23C2551A}"
EndProject
Global
	GlobalSection(SolutionConfigurationPlatforms) = preSolution
		Debug|Any CPU = Debug|Any CPU
		Release|Any CPU = Release|Any CPU
	EndGlobalSection
	GlobalSection(ProjectConfigurationPlatforms) = postSolution
		{59B58045-0B03-4A27-8BF4-6B3F23C2551A}.Debug|Any CPU.ActiveCfg = Debug|Any CPU
		{59B58045-0B03-4A27-8BF4-6B3F23C2551A}.Debug|Any CPU.Build.0 = Debug|Any CPU
		{59B58045-0B03-4A27-8BF4-6B3F23C2551A}.Release|Any CPU.ActiveCfg = Release|Any CPU
		{59B58045-0B03-4A27-8BF4-6B3F23C2551A}.Release|Any CPU.Build.0 = Release|Any CPU
	EndGlobalSection
	GlobalSection(SolutionProperties) = preSolution
		HideSolutionNode = FALSE
	EndGlobalSection
	GlobalSection(ExtensibilityGlobals) = postSolution
		SolutionGuid = {795529FB-4D0F-4D07-9F01-E4E602227427}
	EndGlobalSection
EndGlobal
